// !$*UTF8*$!
{
	archiveVersion = 1;
	classes = {
	};
	objectVersion = 56;
	objects = {

/* Begin PBXBuildFile section */
		502F8D19288172060027E2FF /* MusicSectionView.swift in Sources */ = {isa = PBXBuildFile; fileRef = 502F8D18288172060027E2FF /* MusicSectionView.swift */; };
		502F8D1B288178550027E2FF /* AlbumView.swift in Sources */ = {isa = PBXBuildFile; fileRef = 502F8D1A288178550027E2FF /* AlbumView.swift */; };
		502F8D1D288180910027E2FF /* ChartsProvider.swift in Sources */ = {isa = PBXBuildFile; fileRef = 502F8D1C288180910027E2FF /* ChartsProvider.swift */; };
		502F8D1F28819C7B0027E2FF /* CachedAsyncImage.swift in Sources */ = {isa = PBXBuildFile; fileRef = 502F8D1E28819C7B0027E2FF /* CachedAsyncImage.swift */; };
		502F8D222881B37A0027E2FF /* MusicAPIManager.swift in Sources */ = {isa = PBXBuildFile; fileRef = 502F8D212881B37A0027E2FF /* MusicAPIManager.swift */; };
		502F8D252881B3D40027E2FF /* AlbumChartViewModel.swift in Sources */ = {isa = PBXBuildFile; fileRef = 502F8D242881B3D40027E2FF /* AlbumChartViewModel.swift */; };
		502F8D292881ECAF0027E2FF /* PlaylistView.swift in Sources */ = {isa = PBXBuildFile; fileRef = 502F8D282881ECAF0027E2FF /* PlaylistView.swift */; };
		504559BE287B033C00DA6569 /* AppleLogoView.swift in Sources */ = {isa = PBXBuildFile; fileRef = 504559BD287B033C00DA6569 /* AppleLogoView.swift */; };
		506B66902882CB640054A4CA /* MusicVideoView.swift in Sources */ = {isa = PBXBuildFile; fileRef = 506B668F2882CB640054A4CA /* MusicVideoView.swift */; };
		50855B18288090BD004A925B /* MusicViewModel.swift in Sources */ = {isa = PBXBuildFile; fileRef = 50855B17288090BD004A925B /* MusicViewModel.swift */; };
		50A4B106287FED2E001F2D4E /* LaunchScreenView.swift in Sources */ = {isa = PBXBuildFile; fileRef = 50A4B105287FED2E001F2D4E /* LaunchScreenView.swift */; };
		50A4B108287FED75001F2D4E /* Router.swift in Sources */ = {isa = PBXBuildFile; fileRef = 50A4B107287FED75001F2D4E /* Router.swift */; };
		50A4B10A287FFC71001F2D4E /* MainTabView.swift in Sources */ = {isa = PBXBuildFile; fileRef = 50A4B109287FFC71001F2D4E /* MainTabView.swift */; };
		50D4646F2879D3E7001D4829 /* MusicApp.swift in Sources */ = {isa = PBXBuildFile; fileRef = 50D4646E2879D3E7001D4829 /* MusicApp.swift */; };
		50D464712879D3E7001D4829 /* MainView.swift in Sources */ = {isa = PBXBuildFile; fileRef = 50D464702879D3E7001D4829 /* MainView.swift */; };
		50D464732879D3E8001D4829 /* Assets.xcassets in Resources */ = {isa = PBXBuildFile; fileRef = 50D464722879D3E8001D4829 /* Assets.xcassets */; };
		50D464762879D3E8001D4829 /* Preview Assets.xcassets in Resources */ = {isa = PBXBuildFile; fileRef = 50D464752879D3E8001D4829 /* Preview Assets.xcassets */; };
		50D464782879D3E8001D4829 /* Persistence.swift in Sources */ = {isa = PBXBuildFile; fileRef = 50D464772879D3E8001D4829 /* Persistence.swift */; };
		50D4647B2879D3E8001D4829 /* Music.xcdatamodeld in Sources */ = {isa = PBXBuildFile; fileRef = 50D464792879D3E8001D4829 /* Music.xcdatamodeld */; };
		50D464862879D3E8001D4829 /* MusicTests.swift in Sources */ = {isa = PBXBuildFile; fileRef = 50D464852879D3E8001D4829 /* MusicTests.swift */; };
		50D464902879D3E8001D4829 /* MusicUITests.swift in Sources */ = {isa = PBXBuildFile; fileRef = 50D4648F2879D3E8001D4829 /* MusicUITests.swift */; };
		50D464922879D3E8001D4829 /* MusicUITestsLaunchTests.swift in Sources */ = {isa = PBXBuildFile; fileRef = 50D464912879D3E8001D4829 /* MusicUITestsLaunchTests.swift */; };
		50D464A22879D608001D4829 /* ChartsView.swift in Sources */ = {isa = PBXBuildFile; fileRef = 50D464A12879D608001D4829 /* ChartsView.swift */; };
		50D464A42879D623001D4829 /* RecentlyPlayedView.swift in Sources */ = {isa = PBXBuildFile; fileRef = 50D464A32879D623001D4829 /* RecentlyPlayedView.swift */; };
		50D464A62879D663001D4829 /* RecommendationsView.swift in Sources */ = {isa = PBXBuildFile; fileRef = 50D464A52879D663001D4829 /* RecommendationsView.swift */; };
		50D464A82879D683001D4829 /* LibraryView.swift in Sources */ = {isa = PBXBuildFile; fileRef = 50D464A72879D683001D4829 /* LibraryView.swift */; };
		50EE9A6D2886B38E00367169 /* Charts.swift in Sources */ = {isa = PBXBuildFile; fileRef = 50EE9A6C2886B38E00367169 /* Charts.swift */; };
		50EE9A6F2886B3A500367169 /* Error.swift in Sources */ = {isa = PBXBuildFile; fileRef = 50EE9A6E2886B3A500367169 /* Error.swift */; };
		50EE9A722886B8B600367169 /* SongView.swift in Sources */ = {isa = PBXBuildFile; fileRef = 50EE9A712886B8B600367169 /* SongView.swift */; };
		50EE9A742886CE0F00367169 /* MusicBar.swift in Sources */ = {isa = PBXBuildFile; fileRef = 50EE9A732886CE0F00367169 /* MusicBar.swift */; };
		50FC57EB2880089000CFB000 /* MusicManager.swift in Sources */ = {isa = PBXBuildFile; fileRef = 50FC57EA2880089000CFB000 /* MusicManager.swift */; };
		50FC57EF28801A2100CFB000 /* Utils.swift in Sources */ = {isa = PBXBuildFile; fileRef = 50FC57EE28801A2100CFB000 /* Utils.swift */; };
		50FC57F1288026FE00CFB000 /* MusicView.swift in Sources */ = {isa = PBXBuildFile; fileRef = 50FC57F0288026FE00CFB000 /* MusicView.swift */; };
/* End PBXBuildFile section */

/* Begin PBXContainerItemProxy section */
		50D464822879D3E8001D4829 /* PBXContainerItemProxy */ = {
			isa = PBXContainerItemProxy;
			containerPortal = 50D464632879D3E7001D4829 /* Project object */;
			proxyType = 1;
			remoteGlobalIDString = 50D4646A2879D3E7001D4829;
			remoteInfo = Music;
		};
		50D4648C2879D3E8001D4829 /* PBXContainerItemProxy */ = {
			isa = PBXContainerItemProxy;
			containerPortal = 50D464632879D3E7001D4829 /* Project object */;
			proxyType = 1;
			remoteGlobalIDString = 50D4646A2879D3E7001D4829;
			remoteInfo = Music;
		};
/* End PBXContainerItemProxy section */

/* Begin PBXFileReference section */
		502F8D18288172060027E2FF /* MusicSectionView.swift */ = {isa = PBXFileReference; lastKnownFileType = sourcecode.swift; path = MusicSectionView.swift; sourceTree = "<group>"; };
		502F8D1A288178550027E2FF /* AlbumView.swift */ = {isa = PBXFileReference; lastKnownFileType = sourcecode.swift; path = AlbumView.swift; sourceTree = "<group>"; };
		502F8D1C288180910027E2FF /* ChartsProvider.swift */ = {isa = PBXFileReference; lastKnownFileType = sourcecode.swift; path = ChartsProvider.swift; sourceTree = "<group>"; };
		502F8D1E28819C7B0027E2FF /* CachedAsyncImage.swift */ = {isa = PBXFileReference; lastKnownFileType = sourcecode.swift; path = CachedAsyncImage.swift; sourceTree = "<group>"; };
		502F8D212881B37A0027E2FF /* MusicAPIManager.swift */ = {isa = PBXFileReference; lastKnownFileType = sourcecode.swift; path = MusicAPIManager.swift; sourceTree = "<group>"; };
		502F8D242881B3D40027E2FF /* AlbumChartViewModel.swift */ = {isa = PBXFileReference; lastKnownFileType = sourcecode.swift; path = AlbumChartViewModel.swift; sourceTree = "<group>"; };
		502F8D282881ECAF0027E2FF /* PlaylistView.swift */ = {isa = PBXFileReference; lastKnownFileType = sourcecode.swift; path = PlaylistView.swift; sourceTree = "<group>"; };
		504559B8287AE91700DA6569 /* Music.entitlements */ = {isa = PBXFileReference; lastKnownFileType = text.plist.entitlements; path = Music.entitlements; sourceTree = "<group>"; };
		504559BD287B033C00DA6569 /* AppleLogoView.swift */ = {isa = PBXFileReference; lastKnownFileType = sourcecode.swift; path = AppleLogoView.swift; sourceTree = "<group>"; };
		506B668F2882CB640054A4CA /* MusicVideoView.swift */ = {isa = PBXFileReference; lastKnownFileType = sourcecode.swift; path = MusicVideoView.swift; sourceTree = "<group>"; };
		50855B17288090BD004A925B /* MusicViewModel.swift */ = {isa = PBXFileReference; lastKnownFileType = sourcecode.swift; path = MusicViewModel.swift; sourceTree = "<group>"; };
		50A4B105287FED2E001F2D4E /* LaunchScreenView.swift */ = {isa = PBXFileReference; lastKnownFileType = sourcecode.swift; path = LaunchScreenView.swift; sourceTree = "<group>"; };
		50A4B107287FED75001F2D4E /* Router.swift */ = {isa = PBXFileReference; lastKnownFileType = sourcecode.swift; path = Router.swift; sourceTree = "<group>"; };
		50A4B109287FFC71001F2D4E /* MainTabView.swift */ = {isa = PBXFileReference; lastKnownFileType = sourcecode.swift; path = MainTabView.swift; sourceTree = "<group>"; };
		50D4646B2879D3E7001D4829 /* Music.app */ = {isa = PBXFileReference; explicitFileType = wrapper.application; includeInIndex = 0; path = Music.app; sourceTree = BUILT_PRODUCTS_DIR; };
		50D4646E2879D3E7001D4829 /* MusicApp.swift */ = {isa = PBXFileReference; lastKnownFileType = sourcecode.swift; path = MusicApp.swift; sourceTree = "<group>"; };
		50D464702879D3E7001D4829 /* MainView.swift */ = {isa = PBXFileReference; lastKnownFileType = sourcecode.swift; path = MainView.swift; sourceTree = "<group>"; };
		50D464722879D3E8001D4829 /* Assets.xcassets */ = {isa = PBXFileReference; lastKnownFileType = folder.assetcatalog; path = Assets.xcassets; sourceTree = "<group>"; };
		50D464752879D3E8001D4829 /* Preview Assets.xcassets */ = {isa = PBXFileReference; lastKnownFileType = folder.assetcatalog; path = "Preview Assets.xcassets"; sourceTree = "<group>"; };
		50D464772879D3E8001D4829 /* Persistence.swift */ = {isa = PBXFileReference; lastKnownFileType = sourcecode.swift; path = Persistence.swift; sourceTree = "<group>"; };
		50D4647A2879D3E8001D4829 /* Music.xcdatamodel */ = {isa = PBXFileReference; lastKnownFileType = wrapper.xcdatamodel; path = Music.xcdatamodel; sourceTree = "<group>"; };
		50D4647C2879D3E8001D4829 /* Info.plist */ = {isa = PBXFileReference; lastKnownFileType = text.plist.xml; path = Info.plist; sourceTree = "<group>"; };
		50D464812879D3E8001D4829 /* MusicTests.xctest */ = {isa = PBXFileReference; explicitFileType = wrapper.cfbundle; includeInIndex = 0; path = MusicTests.xctest; sourceTree = BUILT_PRODUCTS_DIR; };
		50D464852879D3E8001D4829 /* MusicTests.swift */ = {isa = PBXFileReference; lastKnownFileType = sourcecode.swift; path = MusicTests.swift; sourceTree = "<group>"; };
		50D4648B2879D3E8001D4829 /* MusicUITests.xctest */ = {isa = PBXFileReference; explicitFileType = wrapper.cfbundle; includeInIndex = 0; path = MusicUITests.xctest; sourceTree = BUILT_PRODUCTS_DIR; };
		50D4648F2879D3E8001D4829 /* MusicUITests.swift */ = {isa = PBXFileReference; lastKnownFileType = sourcecode.swift; path = MusicUITests.swift; sourceTree = "<group>"; };
		50D464912879D3E8001D4829 /* MusicUITestsLaunchTests.swift */ = {isa = PBXFileReference; lastKnownFileType = sourcecode.swift; path = MusicUITestsLaunchTests.swift; sourceTree = "<group>"; };
		50D464A12879D608001D4829 /* ChartsView.swift */ = {isa = PBXFileReference; lastKnownFileType = sourcecode.swift; path = ChartsView.swift; sourceTree = "<group>"; };
		50D464A32879D623001D4829 /* RecentlyPlayedView.swift */ = {isa = PBXFileReference; lastKnownFileType = sourcecode.swift; path = RecentlyPlayedView.swift; sourceTree = "<group>"; };
		50D464A52879D663001D4829 /* RecommendationsView.swift */ = {isa = PBXFileReference; lastKnownFileType = sourcecode.swift; path = RecommendationsView.swift; sourceTree = "<group>"; };
		50D464A72879D683001D4829 /* LibraryView.swift */ = {isa = PBXFileReference; lastKnownFileType = sourcecode.swift; path = LibraryView.swift; sourceTree = "<group>"; };
		50EE9A6C2886B38E00367169 /* Charts.swift */ = {isa = PBXFileReference; lastKnownFileType = sourcecode.swift; path = Charts.swift; sourceTree = "<group>"; };
		50EE9A6E2886B3A500367169 /* Error.swift */ = {isa = PBXFileReference; lastKnownFileType = sourcecode.swift; path = Error.swift; sourceTree = "<group>"; };
		50EE9A712886B8B600367169 /* SongView.swift */ = {isa = PBXFileReference; lastKnownFileType = sourcecode.swift; path = SongView.swift; sourceTree = "<group>"; };
		50EE9A732886CE0F00367169 /* MusicBar.swift */ = {isa = PBXFileReference; lastKnownFileType = sourcecode.swift; path = MusicBar.swift; sourceTree = "<group>"; };
		50FC57EA2880089000CFB000 /* MusicManager.swift */ = {isa = PBXFileReference; lastKnownFileType = sourcecode.swift; path = MusicManager.swift; sourceTree = "<group>"; };
		50FC57EE28801A2100CFB000 /* Utils.swift */ = {isa = PBXFileReference; lastKnownFileType = sourcecode.swift; path = Utils.swift; sourceTree = "<group>"; };
		50FC57F0288026FE00CFB000 /* MusicView.swift */ = {isa = PBXFileReference; lastKnownFileType = sourcecode.swift; path = MusicView.swift; sourceTree = "<group>"; };
/* End PBXFileReference section */

/* Begin PBXFrameworksBuildPhase section */
		50D464682879D3E7001D4829 /* Frameworks */ = {
			isa = PBXFrameworksBuildPhase;
			buildActionMask = 2147483647;
			files = (
			);
			runOnlyForDeploymentPostprocessing = 0;
		};
		50D4647E2879D3E8001D4829 /* Frameworks */ = {
			isa = PBXFrameworksBuildPhase;
			buildActionMask = 2147483647;
			files = (
			);
			runOnlyForDeploymentPostprocessing = 0;
		};
		50D464882879D3E8001D4829 /* Frameworks */ = {
			isa = PBXFrameworksBuildPhase;
			buildActionMask = 2147483647;
			files = (
			);
			runOnlyForDeploymentPostprocessing = 0;
		};
/* End PBXFrameworksBuildPhase section */

/* Begin PBXGroup section */
		502F8D2028819FDA0027E2FF /* Utils */ = {
			isa = PBXGroup;
			children = (
				50FC57EE28801A2100CFB000 /* Utils.swift */,
				502F8D1E28819C7B0027E2FF /* CachedAsyncImage.swift */,
			);
			path = Utils;
			sourceTree = "<group>";
		};
		502F8D232881B3CB0027E2FF /* ViewModels */ = {
			isa = PBXGroup;
			children = (
				502F8D242881B3D40027E2FF /* AlbumChartViewModel.swift */,
			);
			path = ViewModels;
			sourceTree = "<group>";
		};
		5033A26C288BE4EE00B68FBC /* TODOScreens */ = {
			isa = PBXGroup;
			children = (
				50D464A32879D623001D4829 /* RecentlyPlayedView.swift */,
				50D464A72879D683001D4829 /* LibraryView.swift */,
				50D464A52879D663001D4829 /* RecommendationsView.swift */,
			);
			path = TODOScreens;
			sourceTree = "<group>";
		};
		504559B1287AA9A200DA6569 /* ChartsView */ = {
			isa = PBXGroup;
			children = (
				50D464A12879D608001D4829 /* ChartsView.swift */,
				502F8D1C288180910027E2FF /* ChartsProvider.swift */,
				504FD83F287F11ED00988D8C /* Components */,
			);
			path = ChartsView;
			sourceTree = "<group>";
		};
		504FD83F287F11ED00988D8C /* Components */ = {
			isa = PBXGroup;
			children = (
				502F8D18288172060027E2FF /* MusicSectionView.swift */,
				502F8D282881ECAF0027E2FF /* PlaylistView.swift */,
				50EE9A712886B8B600367169 /* SongView.swift */,
				506B668F2882CB640054A4CA /* MusicVideoView.swift */,
				502F8D1A288178550027E2FF /* AlbumView.swift */,
			);
			path = Components;
			sourceTree = "<group>";
		};
		50855B16288090B2004A925B /* MusicView */ = {
			isa = PBXGroup;
			children = (
				50855B17288090BD004A925B /* MusicViewModel.swift */,
				50FC57F0288026FE00CFB000 /* MusicView.swift */,
			);
			path = MusicView;
			sourceTree = "<group>";
		};
		50BA16982882B2B100E2C1ED /* LaunchScreenView */ = {
			isa = PBXGroup;
			children = (
				50A4B105287FED2E001F2D4E /* LaunchScreenView.swift */,
			);
			path = LaunchScreenView;
			sourceTree = "<group>";
		};
		50D464622879D3E7001D4829 = {
			isa = PBXGroup;
			children = (
				50D4646D2879D3E7001D4829 /* Music */,
				50D464842879D3E8001D4829 /* MusicTests */,
				50D4648E2879D3E8001D4829 /* MusicUITests */,
				50D4646C2879D3E7001D4829 /* Products */,
			);
			sourceTree = "<group>";
		};
		50D4646C2879D3E7001D4829 /* Products */ = {
			isa = PBXGroup;
			children = (
				50D4646B2879D3E7001D4829 /* Music.app */,
				50D464812879D3E8001D4829 /* MusicTests.xctest */,
				50D4648B2879D3E8001D4829 /* MusicUITests.xctest */,
			);
			name = Products;
			sourceTree = "<group>";
		};
		50D4646D2879D3E7001D4829 /* Music */ = {
			isa = PBXGroup;
			children = (
				504559B8287AE91700DA6569 /* Music.entitlements */,
				50D4646E2879D3E7001D4829 /* MusicApp.swift */,
				50D464A02879D468001D4829 /* Modules */,
				50D464722879D3E8001D4829 /* Assets.xcassets */,
				502F8D232881B3CB0027E2FF /* ViewModels */,
				502F8D2028819FDA0027E2FF /* Utils */,
				50D4649E2879D455001D4829 /* Services */,
				50D4647C2879D3E8001D4829 /* Info.plist */,
				50D464792879D3E8001D4829 /* Music.xcdatamodeld */,
				50D464742879D3E8001D4829 /* Preview Content */,
			);
			path = Music;
			sourceTree = "<group>";
		};
		50D464742879D3E8001D4829 /* Preview Content */ = {
			isa = PBXGroup;
			children = (
				50D464752879D3E8001D4829 /* Preview Assets.xcassets */,
			);
			path = "Preview Content";
			sourceTree = "<group>";
		};
		50D464842879D3E8001D4829 /* MusicTests */ = {
			isa = PBXGroup;
			children = (
				50D464852879D3E8001D4829 /* MusicTests.swift */,
			);
			path = MusicTests;
			sourceTree = "<group>";
		};
		50D4648E2879D3E8001D4829 /* MusicUITests */ = {
			isa = PBXGroup;
			children = (
				50D4648F2879D3E8001D4829 /* MusicUITests.swift */,
				50D464912879D3E8001D4829 /* MusicUITestsLaunchTests.swift */,
			);
			path = MusicUITests;
			sourceTree = "<group>";
		};
		50D4649E2879D455001D4829 /* Services */ = {
			isa = PBXGroup;
			children = (
				50D4649F2879D45D001D4829 /* Persistence */,
				50A4B107287FED75001F2D4E /* Router.swift */,
				50EE9A702886B46400367169 /* MusicService */,
			);
			path = Services;
			sourceTree = "<group>";
		};
		50D4649F2879D45D001D4829 /* Persistence */ = {
			isa = PBXGroup;
			children = (
				50D464772879D3E8001D4829 /* Persistence.swift */,
			);
			path = Persistence;
			sourceTree = "<group>";
		};
		50D464A02879D468001D4829 /* Modules */ = {
			isa = PBXGroup;
			children = (
				50F472A7287B238600996773 /* CommonComponents */,
				50D464702879D3E7001D4829 /* MainView.swift */,
				50A4B109287FFC71001F2D4E /* MainTabView.swift */,
				5033A26C288BE4EE00B68FBC /* TODOScreens */,
				50EE9A732886CE0F00367169 /* MusicBar.swift */,
				50BA16982882B2B100E2C1ED /* LaunchScreenView */,
				50855B16288090B2004A925B /* MusicView */,
				504559B1287AA9A200DA6569 /* ChartsView */,
			);
			path = Modules;
			sourceTree = "<group>";
		};
		50EE9A702886B46400367169 /* MusicService */ = {
			isa = PBXGroup;
			children = (
				50FC57EA2880089000CFB000 /* MusicManager.swift */,
				502F8D212881B37A0027E2FF /* MusicAPIManager.swift */,
				50EE9A6E2886B3A500367169 /* Error.swift */,
				50EE9A6C2886B38E00367169 /* Charts.swift */,
			);
			path = MusicService;
			sourceTree = "<group>";
		};
		50F472A7287B238600996773 /* CommonComponents */ = {
			isa = PBXGroup;
			children = (
				504559BD287B033C00DA6569 /* AppleLogoView.swift */,
			);
			path = CommonComponents;
			sourceTree = "<group>";
		};
/* End PBXGroup section */

/* Begin PBXNativeTarget section */
		50D4646A2879D3E7001D4829 /* Music */ = {
			isa = PBXNativeTarget;
			buildConfigurationList = 50D464952879D3E8001D4829 /* Build configuration list for PBXNativeTarget "Music" */;
			buildPhases = (
				50D464672879D3E7001D4829 /* Sources */,
				50D464682879D3E7001D4829 /* Frameworks */,
				50D464692879D3E7001D4829 /* Resources */,
			);
			buildRules = (
			);
			dependencies = (
			);
			name = Music;
			productName = Music;
			productReference = 50D4646B2879D3E7001D4829 /* Music.app */;
			productType = "com.apple.product-type.application";
		};
		50D464802879D3E8001D4829 /* MusicTests */ = {
			isa = PBXNativeTarget;
			buildConfigurationList = 50D464982879D3E8001D4829 /* Build configuration list for PBXNativeTarget "MusicTests" */;
			buildPhases = (
				50D4647D2879D3E8001D4829 /* Sources */,
				50D4647E2879D3E8001D4829 /* Frameworks */,
				50D4647F2879D3E8001D4829 /* Resources */,
			);
			buildRules = (
			);
			dependencies = (
				50D464832879D3E8001D4829 /* PBXTargetDependency */,
			);
			name = MusicTests;
			productName = MusicTests;
			productReference = 50D464812879D3E8001D4829 /* MusicTests.xctest */;
			productType = "com.apple.product-type.bundle.unit-test";
		};
		50D4648A2879D3E8001D4829 /* MusicUITests */ = {
			isa = PBXNativeTarget;
			buildConfigurationList = 50D4649B2879D3E8001D4829 /* Build configuration list for PBXNativeTarget "MusicUITests" */;
			buildPhases = (
				50D464872879D3E8001D4829 /* Sources */,
				50D464882879D3E8001D4829 /* Frameworks */,
				50D464892879D3E8001D4829 /* Resources */,
			);
			buildRules = (
			);
			dependencies = (
				50D4648D2879D3E8001D4829 /* PBXTargetDependency */,
			);
			name = MusicUITests;
			productName = MusicUITests;
			productReference = 50D4648B2879D3E8001D4829 /* MusicUITests.xctest */;
			productType = "com.apple.product-type.bundle.ui-testing";
		};
/* End PBXNativeTarget section */

/* Begin PBXProject section */
		50D464632879D3E7001D4829 /* Project object */ = {
			isa = PBXProject;
			attributes = {
				BuildIndependentTargetsInParallel = 1;
				LastSwiftUpdateCheck = 1400;
				LastUpgradeCheck = 1400;
				TargetAttributes = {
					50D4646A2879D3E7001D4829 = {
						CreatedOnToolsVersion = 14.0;
					};
					50D464802879D3E8001D4829 = {
						CreatedOnToolsVersion = 14.0;
						TestTargetID = 50D4646A2879D3E7001D4829;
					};
					50D4648A2879D3E8001D4829 = {
						CreatedOnToolsVersion = 14.0;
						TestTargetID = 50D4646A2879D3E7001D4829;
					};
				};
			};
			buildConfigurationList = 50D464662879D3E7001D4829 /* Build configuration list for PBXProject "Music" */;
			compatibilityVersion = "Xcode 14.0";
			developmentRegion = en;
			hasScannedForEncodings = 0;
			knownRegions = (
				en,
				Base,
			);
			mainGroup = 50D464622879D3E7001D4829;
			productRefGroup = 50D4646C2879D3E7001D4829 /* Products */;
			projectDirPath = "";
			projectRoot = "";
			targets = (
				50D4646A2879D3E7001D4829 /* Music */,
				50D464802879D3E8001D4829 /* MusicTests */,
				50D4648A2879D3E8001D4829 /* MusicUITests */,
			);
		};
/* End PBXProject section */

/* Begin PBXResourcesBuildPhase section */
		50D464692879D3E7001D4829 /* Resources */ = {
			isa = PBXResourcesBuildPhase;
			buildActionMask = 2147483647;
			files = (
				50D464762879D3E8001D4829 /* Preview Assets.xcassets in Resources */,
				50D464732879D3E8001D4829 /* Assets.xcassets in Resources */,
			);
			runOnlyForDeploymentPostprocessing = 0;
		};
		50D4647F2879D3E8001D4829 /* Resources */ = {
			isa = PBXResourcesBuildPhase;
			buildActionMask = 2147483647;
			files = (
			);
			runOnlyForDeploymentPostprocessing = 0;
		};
		50D464892879D3E8001D4829 /* Resources */ = {
			isa = PBXResourcesBuildPhase;
			buildActionMask = 2147483647;
			files = (
			);
			runOnlyForDeploymentPostprocessing = 0;
		};
/* End PBXResourcesBuildPhase section */

/* Begin PBXSourcesBuildPhase section */
		50D464672879D3E7001D4829 /* Sources */ = {
			isa = PBXSourcesBuildPhase;
			buildActionMask = 2147483647;
			files = (
				50D464A22879D608001D4829 /* ChartsView.swift in Sources */,
				502F8D222881B37A0027E2FF /* MusicAPIManager.swift in Sources */,
				50D464A62879D663001D4829 /* RecommendationsView.swift in Sources */,
				50A4B10A287FFC71001F2D4E /* MainTabView.swift in Sources */,
				50855B18288090BD004A925B /* MusicViewModel.swift in Sources */,
				50D464782879D3E8001D4829 /* Persistence.swift in Sources */,
				50D464712879D3E7001D4829 /* MainView.swift in Sources */,
				502F8D252881B3D40027E2FF /* AlbumChartViewModel.swift in Sources */,
				50EE9A6D2886B38E00367169 /* Charts.swift in Sources */,
				502F8D292881ECAF0027E2FF /* PlaylistView.swift in Sources */,
				50D464A82879D683001D4829 /* LibraryView.swift in Sources */,
				50A4B106287FED2E001F2D4E /* LaunchScreenView.swift in Sources */,
				502F8D19288172060027E2FF /* MusicSectionView.swift in Sources */,
				506B66902882CB640054A4CA /* MusicVideoView.swift in Sources */,
				50A4B108287FED75001F2D4E /* Router.swift in Sources */,
				50D4646F2879D3E7001D4829 /* MusicApp.swift in Sources */,
				50EE9A6F2886B3A500367169 /* Error.swift in Sources */,
				50FC57EF28801A2100CFB000 /* Utils.swift in Sources */,
				50EE9A722886B8B600367169 /* SongView.swift in Sources */,
				50EE9A742886CE0F00367169 /* MusicBar.swift in Sources */,
				50FC57EB2880089000CFB000 /* MusicManager.swift in Sources */,
				502F8D1B288178550027E2FF /* AlbumView.swift in Sources */,
				504559BE287B033C00DA6569 /* AppleLogoView.swift in Sources */,
				50D464A42879D623001D4829 /* RecentlyPlayedView.swift in Sources */,
				502F8D1D288180910027E2FF /* ChartsProvider.swift in Sources */,
				50FC57F1288026FE00CFB000 /* MusicView.swift in Sources */,
				50D4647B2879D3E8001D4829 /* Music.xcdatamodeld in Sources */,
				502F8D1F28819C7B0027E2FF /* CachedAsyncImage.swift in Sources */,
			);
			runOnlyForDeploymentPostprocessing = 0;
		};
		50D4647D2879D3E8001D4829 /* Sources */ = {
			isa = PBXSourcesBuildPhase;
			buildActionMask = 2147483647;
			files = (
				50D464862879D3E8001D4829 /* MusicTests.swift in Sources */,
			);
			runOnlyForDeploymentPostprocessing = 0;
		};
		50D464872879D3E8001D4829 /* Sources */ = {
			isa = PBXSourcesBuildPhase;
			buildActionMask = 2147483647;
			files = (
				50D464922879D3E8001D4829 /* MusicUITestsLaunchTests.swift in Sources */,
				50D464902879D3E8001D4829 /* MusicUITests.swift in Sources */,
			);
			runOnlyForDeploymentPostprocessing = 0;
		};
/* End PBXSourcesBuildPhase section */

/* Begin PBXTargetDependency section */
		50D464832879D3E8001D4829 /* PBXTargetDependency */ = {
			isa = PBXTargetDependency;
			target = 50D4646A2879D3E7001D4829 /* Music */;
			targetProxy = 50D464822879D3E8001D4829 /* PBXContainerItemProxy */;
		};
		50D4648D2879D3E8001D4829 /* PBXTargetDependency */ = {
			isa = PBXTargetDependency;
			target = 50D4646A2879D3E7001D4829 /* Music */;
			targetProxy = 50D4648C2879D3E8001D4829 /* PBXContainerItemProxy */;
		};
/* End PBXTargetDependency section */

/* Begin XCBuildConfiguration section */
		50D464932879D3E8001D4829 /* Debug */ = {
			isa = XCBuildConfiguration;
			buildSettings = {
				ALWAYS_SEARCH_USER_PATHS = NO;
				CLANG_ANALYZER_NONNULL = YES;
				CLANG_ANALYZER_NUMBER_OBJECT_CONVERSION = YES_AGGRESSIVE;
				CLANG_CXX_LANGUAGE_STANDARD = "gnu++20";
				CLANG_ENABLE_MODULES = YES;
				CLANG_ENABLE_OBJC_ARC = YES;
				CLANG_ENABLE_OBJC_WEAK = YES;
				CLANG_WARN_BLOCK_CAPTURE_AUTORELEASING = YES;
				CLANG_WARN_BOOL_CONVERSION = YES;
				CLANG_WARN_COMMA = YES;
				CLANG_WARN_CONSTANT_CONVERSION = YES;
				CLANG_WARN_DEPRECATED_OBJC_IMPLEMENTATIONS = YES;
				CLANG_WARN_DIRECT_OBJC_ISA_USAGE = YES_ERROR;
				CLANG_WARN_DOCUMENTATION_COMMENTS = YES;
				CLANG_WARN_EMPTY_BODY = YES;
				CLANG_WARN_ENUM_CONVERSION = YES;
				CLANG_WARN_INFINITE_RECURSION = YES;
				CLANG_WARN_INT_CONVERSION = YES;
				CLANG_WARN_NON_LITERAL_NULL_CONVERSION = YES;
				CLANG_WARN_OBJC_IMPLICIT_RETAIN_SELF = YES;
				CLANG_WARN_OBJC_LITERAL_CONVERSION = YES;
				CLANG_WARN_OBJC_ROOT_CLASS = YES_ERROR;
				CLANG_WARN_QUOTED_INCLUDE_IN_FRAMEWORK_HEADER = YES;
				CLANG_WARN_RANGE_LOOP_ANALYSIS = YES;
				CLANG_WARN_STRICT_PROTOTYPES = YES;
				CLANG_WARN_SUSPICIOUS_MOVE = YES;
				CLANG_WARN_UNGUARDED_AVAILABILITY = YES_AGGRESSIVE;
				CLANG_WARN_UNREACHABLE_CODE = YES;
				CLANG_WARN__DUPLICATE_METHOD_MATCH = YES;
				COPY_PHASE_STRIP = NO;
				DEBUG_INFORMATION_FORMAT = dwarf;
				ENABLE_STRICT_OBJC_MSGSEND = YES;
				ENABLE_TESTABILITY = YES;
				GCC_C_LANGUAGE_STANDARD = gnu11;
				GCC_DYNAMIC_NO_PIC = NO;
				GCC_NO_COMMON_BLOCKS = YES;
				GCC_OPTIMIZATION_LEVEL = 0;
				GCC_PREPROCESSOR_DEFINITIONS = (
					"DEBUG=1",
					"$(inherited)",
				);
				GCC_WARN_64_TO_32_BIT_CONVERSION = YES;
				GCC_WARN_ABOUT_RETURN_TYPE = YES_ERROR;
				GCC_WARN_UNDECLARED_SELECTOR = YES;
				GCC_WARN_UNINITIALIZED_AUTOS = YES_AGGRESSIVE;
				GCC_WARN_UNUSED_FUNCTION = YES;
				GCC_WARN_UNUSED_VARIABLE = YES;
				IPHONEOS_DEPLOYMENT_TARGET = 16.0;
				MTL_ENABLE_DEBUG_INFO = INCLUDE_SOURCE;
				MTL_FAST_MATH = YES;
				ONLY_ACTIVE_ARCH = YES;
				SDKROOT = iphoneos;
				SWIFT_ACTIVE_COMPILATION_CONDITIONS = DEBUG;
				SWIFT_OPTIMIZATION_LEVEL = "-Onone";
			};
			name = Debug;
		};
		50D464942879D3E8001D4829 /* Release */ = {
			isa = XCBuildConfiguration;
			buildSettings = {
				ALWAYS_SEARCH_USER_PATHS = NO;
				CLANG_ANALYZER_NONNULL = YES;
				CLANG_ANALYZER_NUMBER_OBJECT_CONVERSION = YES_AGGRESSIVE;
				CLANG_CXX_LANGUAGE_STANDARD = "gnu++20";
				CLANG_ENABLE_MODULES = YES;
				CLANG_ENABLE_OBJC_ARC = YES;
				CLANG_ENABLE_OBJC_WEAK = YES;
				CLANG_WARN_BLOCK_CAPTURE_AUTORELEASING = YES;
				CLANG_WARN_BOOL_CONVERSION = YES;
				CLANG_WARN_COMMA = YES;
				CLANG_WARN_CONSTANT_CONVERSION = YES;
				CLANG_WARN_DEPRECATED_OBJC_IMPLEMENTATIONS = YES;
				CLANG_WARN_DIRECT_OBJC_ISA_USAGE = YES_ERROR;
				CLANG_WARN_DOCUMENTATION_COMMENTS = YES;
				CLANG_WARN_EMPTY_BODY = YES;
				CLANG_WARN_ENUM_CONVERSION = YES;
				CLANG_WARN_INFINITE_RECURSION = YES;
				CLANG_WARN_INT_CONVERSION = YES;
				CLANG_WARN_NON_LITERAL_NULL_CONVERSION = YES;
				CLANG_WARN_OBJC_IMPLICIT_RETAIN_SELF = YES;
				CLANG_WARN_OBJC_LITERAL_CONVERSION = YES;
				CLANG_WARN_OBJC_ROOT_CLASS = YES_ERROR;
				CLANG_WARN_QUOTED_INCLUDE_IN_FRAMEWORK_HEADER = YES;
				CLANG_WARN_RANGE_LOOP_ANALYSIS = YES;
				CLANG_WARN_STRICT_PROTOTYPES = YES;
				CLANG_WARN_SUSPICIOUS_MOVE = YES;
				CLANG_WARN_UNGUARDED_AVAILABILITY = YES_AGGRESSIVE;
				CLANG_WARN_UNREACHABLE_CODE = YES;
				CLANG_WARN__DUPLICATE_METHOD_MATCH = YES;
				COPY_PHASE_STRIP = NO;
				DEBUG_INFORMATION_FORMAT = "dwarf-with-dsym";
				ENABLE_NS_ASSERTIONS = NO;
				ENABLE_STRICT_OBJC_MSGSEND = YES;
				GCC_C_LANGUAGE_STANDARD = gnu11;
				GCC_NO_COMMON_BLOCKS = YES;
				GCC_WARN_64_TO_32_BIT_CONVERSION = YES;
				GCC_WARN_ABOUT_RETURN_TYPE = YES_ERROR;
				GCC_WARN_UNDECLARED_SELECTOR = YES;
				GCC_WARN_UNINITIALIZED_AUTOS = YES_AGGRESSIVE;
				GCC_WARN_UNUSED_FUNCTION = YES;
				GCC_WARN_UNUSED_VARIABLE = YES;
				IPHONEOS_DEPLOYMENT_TARGET = 16.0;
				MTL_ENABLE_DEBUG_INFO = NO;
				MTL_FAST_MATH = YES;
				SDKROOT = iphoneos;
				SWIFT_COMPILATION_MODE = wholemodule;
				SWIFT_OPTIMIZATION_LEVEL = "-O";
				VALIDATE_PRODUCT = YES;
			};
			name = Release;
		};
		50D464962879D3E8001D4829 /* Debug */ = {
			isa = XCBuildConfiguration;
			buildSettings = {
				ASSETCATALOG_COMPILER_APPICON_NAME = AppIcon;
				ASSETCATALOG_COMPILER_GLOBAL_ACCENT_COLOR_NAME = AccentColor;
				CODE_SIGN_ENTITLEMENTS = Music/Music.entitlements;
				CODE_SIGN_STYLE = Automatic;
				CURRENT_PROJECT_VERSION = 1;
				DEVELOPMENT_ASSET_PATHS = "\"Music/Preview Content\"";
				DEVELOPMENT_TEAM = TJ2C3F25SU;
				ENABLE_PREVIEWS = YES;
				GENERATE_INFOPLIST_FILE = YES;
				INFOPLIST_KEY_LSApplicationCategoryType = "public.app-category.music";
				INFOPLIST_KEY_NSAppleMusicUsageDescription = "Play music";
				INFOPLIST_KEY_UIApplicationSceneManifest_Generation = YES;
				INFOPLIST_KEY_UIApplicationSupportsIndirectInputEvents = YES;
				INFOPLIST_KEY_UILaunchScreen_Generation = YES;
				INFOPLIST_KEY_UISupportedInterfaceOrientations = "UIInterfaceOrientationLandscapeLeft UIInterfaceOrientationLandscapeRight UIInterfaceOrientationPortrait UIInterfaceOrientationPortraitUpsideDown";
				IPHONEOS_DEPLOYMENT_TARGET = 16.0;
				LD_RUNPATH_SEARCH_PATHS = (
					"$(inherited)",
					"@executable_path/Frameworks",
				);
				MARKETING_VERSION = 1.0;
				PRODUCT_BUNDLE_IDENTIFIER = com.music.khafizov.Music;
				PRODUCT_NAME = "$(TARGET_NAME)";
				SWIFT_COMPILATION_MODE = singlefile;
				SWIFT_EMIT_LOC_STRINGS = YES;
				SWIFT_VERSION = 5.0;
				TARGETED_DEVICE_FAMILY = "1,2";
			};
			name = Debug;
		};
		50D464972879D3E8001D4829 /* Release */ = {
			isa = XCBuildConfiguration;
			buildSettings = {
				ASSETCATALOG_COMPILER_APPICON_NAME = AppIcon;
				ASSETCATALOG_COMPILER_GLOBAL_ACCENT_COLOR_NAME = AccentColor;
				CODE_SIGN_ENTITLEMENTS = Music/Music.entitlements;
				CODE_SIGN_STYLE = Automatic;
				CURRENT_PROJECT_VERSION = 1;
				DEVELOPMENT_ASSET_PATHS = "\"Music/Preview Content\"";
				DEVELOPMENT_TEAM = TJ2C3F25SU;
				ENABLE_PREVIEWS = YES;
				GENERATE_INFOPLIST_FILE = YES;
				INFOPLIST_KEY_LSApplicationCategoryType = "public.app-category.music";
				INFOPLIST_KEY_NSAppleMusicUsageDescription = "Play music";
				INFOPLIST_KEY_UIApplicationSceneManifest_Generation = YES;
				INFOPLIST_KEY_UIApplicationSupportsIndirectInputEvents = YES;
				INFOPLIST_KEY_UILaunchScreen_Generation = YES;
				INFOPLIST_KEY_UISupportedInterfaceOrientations = "UIInterfaceOrientationLandscapeLeft UIInterfaceOrientationLandscapeRight UIInterfaceOrientationPortrait UIInterfaceOrientationPortraitUpsideDown";
				IPHONEOS_DEPLOYMENT_TARGET = 16.0;
				LD_RUNPATH_SEARCH_PATHS = (
					"$(inherited)",
					"@executable_path/Frameworks",
				);
				MARKETING_VERSION = 1.0;
				PRODUCT_BUNDLE_IDENTIFIER = com.music.khafizov.Music;
				PRODUCT_NAME = "$(TARGET_NAME)";
				SWIFT_EMIT_LOC_STRINGS = YES;
				SWIFT_VERSION = 5.0;
				TARGETED_DEVICE_FAMILY = "1,2";
			};
			name = Release;
		};
		50D464992879D3E8001D4829 /* Debug */ = {
			isa = XCBuildConfiguration;
			buildSettings = {
				ALWAYS_EMBED_SWIFT_STANDARD_LIBRARIES = YES;
				BUNDLE_LOADER = "$(TEST_HOST)";
				CODE_SIGN_STYLE = Automatic;
				CURRENT_PROJECT_VERSION = 1;
				DEVELOPMENT_TEAM = TJ2C3F25SU;
				GENERATE_INFOPLIST_FILE = YES;
				IPHONEOS_DEPLOYMENT_TARGET = 16.0;
				MARKETING_VERSION = 1.0;
				PRODUCT_BUNDLE_IDENTIFIER = com.music.khafizov.MusicTests;
				PRODUCT_NAME = "$(TARGET_NAME)";
				SWIFT_EMIT_LOC_STRINGS = NO;
				SWIFT_VERSION = 5.0;
				TARGETED_DEVICE_FAMILY = "1,2";
				TEST_HOST = "$(BUILT_PRODUCTS_DIR)/Music.app/$(BUNDLE_EXECUTABLE_FOLDER_PATH)/Music";
			};
			name = Debug;
		};
		50D4649A2879D3E8001D4829 /* Release */ = {
			isa = XCBuildConfiguration;
			buildSettings = {
				ALWAYS_EMBED_SWIFT_STANDARD_LIBRARIES = YES;
				BUNDLE_LOADER = "$(TEST_HOST)";
				CODE_SIGN_STYLE = Automatic;
				CURRENT_PROJECT_VERSION = 1;
				DEVELOPMENT_TEAM = TJ2C3F25SU;
				GENERATE_INFOPLIST_FILE = YES;
				IPHONEOS_DEPLOYMENT_TARGET = 16.0;
				MARKETING_VERSION = 1.0;
				PRODUCT_BUNDLE_IDENTIFIER = com.music.khafizov.MusicTests;
				PRODUCT_NAME = "$(TARGET_NAME)";
				SWIFT_EMIT_LOC_STRINGS = NO;
				SWIFT_VERSION = 5.0;
				TARGETED_DEVICE_FAMILY = "1,2";
				TEST_HOST = "$(BUILT_PRODUCTS_DIR)/Music.app/$(BUNDLE_EXECUTABLE_FOLDER_PATH)/Music";
			};
			name = Release;
		};
		50D4649C2879D3E8001D4829 /* Debug */ = {
			isa = XCBuildConfiguration;
			buildSettings = {
				ALWAYS_EMBED_SWIFT_STANDARD_LIBRARIES = YES;
				CODE_SIGN_STYLE = Automatic;
				CURRENT_PROJECT_VERSION = 1;
				DEVELOPMENT_TEAM = TJ2C3F25SU;
				GENERATE_INFOPLIST_FILE = YES;
				MARKETING_VERSION = 1.0;
				PRODUCT_BUNDLE_IDENTIFIER = com.music.khafizov.MusicUITests;
				PRODUCT_NAME = "$(TARGET_NAME)";
				SWIFT_EMIT_LOC_STRINGS = NO;
				SWIFT_VERSION = 5.0;
				TARGETED_DEVICE_FAMILY = "1,2";
				TEST_TARGET_NAME = Music;
			};
			name = Debug;
		};
		50D4649D2879D3E8001D4829 /* Release */ = {
			isa = XCBuildConfiguration;
			buildSettings = {
				ALWAYS_EMBED_SWIFT_STANDARD_LIBRARIES = YES;
				CODE_SIGN_STYLE = Automatic;
				CURRENT_PROJECT_VERSION = 1;
				DEVELOPMENT_TEAM = TJ2C3F25SU;
				GENERATE_INFOPLIST_FILE = YES;
				MARKETING_VERSION = 1.0;
				PRODUCT_BUNDLE_IDENTIFIER = com.music.khafizov.MusicUITests;
				PRODUCT_NAME = "$(TARGET_NAME)";
				SWIFT_EMIT_LOC_STRINGS = NO;
				SWIFT_VERSION = 5.0;
				TARGETED_DEVICE_FAMILY = "1,2";
				TEST_TARGET_NAME = Music;
			};
			name = Release;
		};
/* End XCBuildConfiguration section */

/* Begin XCConfigurationList section */
		50D464662879D3E7001D4829 /* Build configuration list for PBXProject "Music" */ = {
			isa = XCConfigurationList;
			buildConfigurations = (
				50D464932879D3E8001D4829 /* Debug */,
				50D464942879D3E8001D4829 /* Release */,
			);
			defaultConfigurationIsVisible = 0;
			defaultConfigurationName = Release;
		};
		50D464952879D3E8001D4829 /* Build configuration list for PBXNativeTarget "Music" */ = {
			isa = XCConfigurationList;
			buildConfigurations = (
				50D464962879D3E8001D4829 /* Debug */,
				50D464972879D3E8001D4829 /* Release */,
			);
			defaultConfigurationIsVisible = 0;
			defaultConfigurationName = Release;
		};
		50D464982879D3E8001D4829 /* Build configuration list for PBXNativeTarget "MusicTests" */ = {
			isa = XCConfigurationList;
			buildConfigurations = (
				50D464992879D3E8001D4829 /* Debug */,
				50D4649A2879D3E8001D4829 /* Release */,
			);
			defaultConfigurationIsVisible = 0;
			defaultConfigurationName = Release;
		};
		50D4649B2879D3E8001D4829 /* Build configuration list for PBXNativeTarget "MusicUITests" */ = {
			isa = XCConfigurationList;
			buildConfigurations = (
				50D4649C2879D3E8001D4829 /* Debug */,
				50D4649D2879D3E8001D4829 /* Release */,
			);
			defaultConfigurationIsVisible = 0;
			defaultConfigurationName = Release;
		};
/* End XCConfigurationList section */

/* Begin XCVersionGroup section */
		50D464792879D3E8001D4829 /* Music.xcdatamodeld */ = {
			isa = XCVersionGroup;
			children = (
				50D4647A2879D3E8001D4829 /* Music.xcdatamodel */,
			);
			currentVersion = 50D4647A2879D3E8001D4829 /* Music.xcdatamodel */;
			path = Music.xcdatamodeld;
			sourceTree = "<group>";
			versionGroupType = wrapper.xcdatamodel;
		};
/* End XCVersionGroup section */
	};
	rootObject = 50D464632879D3E7001D4829 /* Project object */;
}
